
Microsoft Visual Studio Solution File, Format Version 12.00
# Visual Studio Version 17
VisualStudioVersion = 17.3.32811.315
MinimumVisualStudioVersion = 10.0.40219.1
Project("{FAE04EC0-301F-11D3-BF4B-00C04F79EFBC}") = "loginekrani", "loginekrani\loginekrani.csproj", "{A7655161-E33E-4831-BF35-CD7D1E38D5A0}"
EndProject
Global
	GlobalSection(SolutionConfigurationPlatforms) = preSolution
		Debug|Any CPU = Debug|Any CPU
		Release|Any CPU = Release|Any CPU
	EndGlobalSection
	GlobalSection(ProjectConfigurationPlatforms) = postSolution
		{A7655161-E33E-4831-BF35-CD7D1E38D5A0}.Debug|Any CPU.ActiveCfg = Debug|Any CPU
		{A7655161-E33E-4831-BF35-CD7D1E38D5A0}.Debug|Any CPU.Build.0 = Debug|Any CPU
		{A7655161-E33E-4831-BF35-CD7D1E38D5A0}.Release|Any CPU.ActiveCfg = Release|Any CPU
		{A7655161-E33E-4831-BF35-CD7D1E38D5A0}.Release|Any CPU.Build.0 = Release|Any CPU
	EndGlobalSection
	GlobalSection(SolutionProperties) = preSolution
		HideSolutionNode = FALSE
	EndGlobalSection
	GlobalSection(ExtensibilityGlobals) = postSolution
		SolutionGuid = {C73FA7A5-1489-4274-BB65-8394D418397B}
	EndGlobalSection
EndGlobal
